// !$*UTF8*$!
{
	archiveVersion = 1;
	classes = {
	};
	objectVersion = 46;
	objects = {

/* Begin PBXBuildFile section */
		4C8C5F061EF641F8008F6F10 /* TokenScanner.cpp in Sources */ = {isa = PBXBuildFile; fileRef = 4C8C5F051EF641F8008F6F10 /* TokenScanner.cpp */; };
		4C8C5F091EF6A69A008F6F10 /* Parser.cpp in Sources */ = {isa = PBXBuildFile; fileRef = 4C8C5F071EF6A69A008F6F10 /* Parser.cpp */; };
		4CBF3CEF1EF402D100CE8D06 /* main.cpp in Sources */ = {isa = PBXBuildFile; fileRef = 4CBF3CEE1EF402D100CE8D06 /* main.cpp */; };
/* End PBXBuildFile section */

/* Begin PBXCopyFilesBuildPhase section */
		4CBF3CE91EF402D100CE8D06 /* CopyFiles */ = {
			isa = PBXCopyFilesBuildPhase;
			buildActionMask = 2147483647;
			dstPath = /usr/share/man/man1/;
			dstSubfolderSpec = 0;
			files = (
			);
			runOnlyForDeploymentPostprocessing = 1;
		};
/* End PBXCopyFilesBuildPhase section */

/* Begin PBXFileReference section */
		4C4B66851EF612A900E8B0E1 /* Log.h */ = {isa = PBXFileReference; lastKnownFileType = sourcecode.c.h; path = Log.h; sourceTree = "<group>"; };
		4C8C5F051EF641F8008F6F10 /* TokenScanner.cpp */ = {isa = PBXFileReference; fileEncoding = 4; lastKnownFileType = sourcecode.cpp.cpp; path = TokenScanner.cpp; sourceTree = "<group>"; };
		4C8C5F071EF6A69A008F6F10 /* Parser.cpp */ = {isa = PBXFileReference; fileEncoding = 4; lastKnownFileType = sourcecode.cpp.cpp; path = Parser.cpp; sourceTree = "<group>"; };
		4CBF3CEB1EF402D100CE8D06 /* Parser */ = {isa = PBXFileReference; explicitFileType = "compiled.mach-o.executable"; includeInIndex = 0; path = Parser; sourceTree = BUILT_PRODUCTS_DIR; };
		4CBF3CEE1EF402D100CE8D06 /* main.cpp */ = {isa = PBXFileReference; lastKnownFileType = sourcecode.cpp.cpp; path = main.cpp; sourceTree = "<group>"; };
/* End PBXFileReference section */

/* Begin PBXFrameworksBuildPhase section */
		4CBF3CE81EF402D100CE8D06 /* Frameworks */ = {
			isa = PBXFrameworksBuildPhase;
			buildActionMask = 2147483647;
			files = (
			);
			runOnlyForDeploymentPostprocessing = 0;
		};
/* End PBXFrameworksBuildPhase section */

/* Begin PBXGroup section */
		4CBF3CE21EF402D100CE8D06 = {
			isa = PBXGroup;
			children = (
				4CBF3CED1EF402D100CE8D06 /* Parser */,
				4CBF3CEC1EF402D100CE8D06 /* Products */,
			);
			sourceTree = "<group>";
		};
		4CBF3CEC1EF402D100CE8D06 /* Products */ = {
			isa = PBXGroup;
			children = (
				4CBF3CEB1EF402D100CE8D06 /* Parser */,
			);
			name = Products;
			sourceTree = "<group>";
		};
		4CBF3CED1EF402D100CE8D06 /* Parser */ = {
			isa = PBXGroup;
			children = (
				4C4B66851EF612A900E8B0E1 /* Log.h */,
				4CBF3CEE1EF402D100CE8D06 /* main.cpp */,
				4C8C5F051EF641F8008F6F10 /* TokenScanner.cpp */,
				4C8C5F071EF6A69A008F6F10 /* Parser.cpp */,
			);
			path = Parser;
			sourceTree = "<group>";
		};
/* End PBXGroup section */

/* Begin PBXNativeTarget section */
		4CBF3CEA1EF402D100CE8D06 /* Parser */ = {
			isa = PBXNativeTarget;
			buildConfigurationList = 4CBF3CF21EF402D100CE8D06 /* Build configuration list for PBXNativeTarget "Parser" */;
			buildPhases = (
				4CBF3CE71EF402D100CE8D06 /* Sources */,
				4CBF3CE81EF402D100CE8D06 /* Frameworks */,
				4CBF3CE91EF402D100CE8D06 /* CopyFiles */,
			);
			buildRules = (
			);
			dependencies = (
			);
			name = Parser;
			productName = Parser;
			productReference = 4CBF3CEB1EF402D100CE8D06 /* Parser */;
			productType = "com.apple.product-type.tool";
		};
/* End PBXNativeTarget section */

/* Begin PBXProject section */
		4CBF3CE31EF402D100CE8D06 /* Project object */ = {
			isa = PBXProject;
			attributes = {
				LastUpgradeCheck = 0820;
				ORGANIZATIONNAME = "Dixi-Chen";
				TargetAttributes = {
					4CBF3CEA1EF402D100CE8D06 = {
						CreatedOnToolsVersion = 8.2.1;
						DevelopmentTeam = 9RL6AH3SC8;
						ProvisioningStyle = Automatic;
					};
				};
			};
			buildConfigurationList = 4CBF3CE61EF402D100CE8D06 /* Build configuration list for PBXProject "Parser" */;
			compatibilityVersion = "Xcode 3.2";
			developmentRegion = English;
			hasScannedForEncodings = 0;
			knownRegions = (
				en,
			);
			mainGroup = 4CBF3CE21EF402D100CE8D06;
			productRefGroup = 4CBF3CEC1EF402D100CE8D06 /* Products */;
			projectDirPath = "";
			projectRoot = "";
			targets = (
				4CBF3CEA1EF402D100CE8D06 /* Parser */,
			);
		};
/* End PBXProject section */

/* Begin PBXSourcesBuildPhase section */
		4CBF3CE71EF402D100CE8D06 /* Sources */ = {
			isa = PBXSourcesBuildPhase;
			buildActionMask = 2147483647;
			files = (
				4C8C5F091EF6A69A008F6F10 /* Parser.cpp in Sources */,
				4C8C5F061EF641F8008F6F10 /* TokenScanner.cpp in Sources */,
				4CBF3CEF1EF402D100CE8D06 /* main.cpp in Sources */,
			);
			runOnlyForDeploymentPostprocessing = 0;
		};
/* End PBXSourcesBuildPhase section */

/* Begin XCBuildConfiguration section */
		4CBF3CF01EF402D100CE8D06 /* Debug */ = {
			isa = XCBuildConfiguration;
			buildSettings = {
				ALWAYS_SEARCH_USER_PATHS = NO;
				CLANG_ANALYZER_NONNULL = YES;
				CLANG_CXX_LANGUAGE_STANDARD = "gnu++0x";
				CLANG_CXX_LIBRARY = "libc++";
				CLANG_ENABLE_MODULES = YES;
				CLANG_ENABLE_OBJC_ARC = YES;
				CLANG_WARN_BOOL_CONVERSION = YES;
				CLANG_WARN_CONSTANT_CONVERSION = YES;
				CLANG_WARN_DIRECT_OBJC_ISA_USAGE = YES_ERROR;
				CLANG_WARN_DOCUMENTATION_COMMENTS = YES;
				CLANG_WARN_EMPTY_BODY = YES;
				CLANG_WARN_ENUM_CONVERSION = YES;
				CLANG_WARN_INFINITE_RECURSION = YES;
				CLANG_WARN_INT_CONVERSION = YES;
				CLANG_WARN_OBJC_ROOT_CLASS = YES_ERROR;
				CLANG_WARN_SUSPICIOUS_MOVE = YES;
				CLANG_WARN_UNREACHABLE_CODE = YES;
				CLANG_WARN__DUPLICATE_METHOD_MATCH = YES;
				CODE_SIGN_IDENTITY = "-";
				COPY_PHASE_STRIP = NO;
				DEBUG_INFORMATION_FORMAT = dwarf;
				ENABLE_STRICT_OBJC_MSGSEND = YES;
				ENABLE_TESTABILITY = YES;
				GCC_C_LANGUAGE_STANDARD = gnu99;
				GCC_DYNAMIC_NO_PIC = NO;
				GCC_NO_COMMON_BLOCKS = YES;
				GCC_OPTIMIZATION_LEVEL = 0;
				GCC_PREPROCESSOR_DEFINITIONS = (
					"DEBUG=1",
					"$(inherited)",
				);
				GCC_WARN_64_TO_32_BIT_CONVERSION = YES;
				GCC_WARN_ABOUT_RETURN_TYPE = YES_ERROR;
				GCC_WARN_UNDECLARED_SELECTOR = YES;
				GCC_WARN_UNINITIALIZED_AUTOS = YES_AGGRESSIVE;
				GCC_WARN_UNUSED_FUNCTION = YES;
				GCC_WARN_UNUSED_VARIABLE = YES;
				MACOSX_DEPLOYMENT_TARGET = 10.12;
				MTL_ENABLE_DEBUG_INFO = YES;
				ONLY_ACTIVE_ARCH = YES;
				SDKROOT = macosx;
			};
			name = Debug;
		};
		4CBF3CF11EF402D100CE8D06 /* Release */ = {
			isa = XCBuildConfiguration;
			buildSettings = {
				ALWAYS_SEARCH_USER_PATHS = NO;
				CLANG_ANALYZER_NONNULL = YES;
				CLANG_CXX_LANGUAGE_STANDARD = "gnu++0x";
				CLANG_CXX_LIBRARY = "libc++";
				CLANG_ENABLE_MODULES = YES;
				CLANG_ENABLE_OBJC_ARC = YES;
				CLANG_WARN_BOOL_CONVERSION = YES;
				CLANG_WARN_CONSTANT_CONVERSION = YES;
				CLANG_WARN_DIRECT_OBJC_ISA_USAGE = YES_ERROR;
				CLANG_WARN_DOCUMENTATION_COMMENTS = YES;
				CLANG_WARN_EMPTY_BODY = YES;
				CLANG_WARN_ENUM_CONVERSION = YES;
				CLANG_WARN_INFINITE_RECURSION = YES;
				CLANG_WARN_INT_CONVERSION = YES;
				CLANG_WARN_OBJC_ROOT_CLASS = YES_ERROR;
				CLANG_WARN_SUSPICIOUS_MOVE = YES;
				CLANG_WARN_UNREACHABLE_CODE = YES;
				CLANG_WARN__DUPLICATE_METHOD_MATCH = YES;
				CODE_SIGN_IDENTITY = "-";
				COPY_PHASE_STRIP = NO;
				DEBUG_INFORMATION_FORMAT = "dwarf-with-dsym";
				ENABLE_NS_ASSERTIONS = NO;
				ENABLE_STRICT_OBJC_MSGSEND = YES;
				GCC_C_LANGUAGE_STANDARD = gnu99;
				GCC_NO_COMMON_BLOCKS = YES;
				GCC_WARN_64_TO_32_BIT_CONVERSION = YES;
				GCC_WARN_ABOUT_RETURN_TYPE = YES_ERROR;
				GCC_WARN_UNDECLARED_SELECTOR = YES;
				GCC_WARN_UNINITIALIZED_AUTOS = YES_AGGRESSIVE;
				GCC_WARN_UNUSED_FUNCTION = YES;
				GCC_WARN_UNUSED_VARIABLE = YES;
				MACOSX_DEPLOYMENT_TARGET = 10.12;
				MTL_ENABLE_DEBUG_INFO = NO;
				SDKROOT = macosx;
			};
			name = Release;
		};
		4CBF3CF31EF402D100CE8D06 /* Debug */ = {
			isa = XCBuildConfiguration;
			buildSettings = {
				DEVELOPMENT_TEAM = 9RL6AH3SC8;
				PRODUCT_NAME = "$(TARGET_NAME)";
			};
			name = Debug;
		};
		4CBF3CF41EF402D100CE8D06 /* Release */ = {
			isa = XCBuildConfiguration;
			buildSettings = {
				DEVELOPMENT_TEAM = 9RL6AH3SC8;
				PRODUCT_NAME = "$(TARGET_NAME)";
			};
			name = Release;
		};
/* End XCBuildConfiguration section */

/* Begin XCConfigurationList section */
		4CBF3CE61EF402D100CE8D06 /* Build configuration list for PBXProject "Parser" */ = {
			isa = XCConfigurationList;
			buildConfigurations = (
				4CBF3CF01EF402D100CE8D06 /* Debug */,
				4CBF3CF11EF402D100CE8D06 /* Release */,
			);
			defaultConfigurationIsVisible = 0;
			defaultConfigurationName = Release;
		};
		4CBF3CF21EF402D100CE8D06 /* Build configuration list for PBXNativeTarget "Parser" */ = {
			isa = XCConfigurationList;
			buildConfigurations = (
				4CBF3CF31EF402D100CE8D06 /* Debug */,
				4CBF3CF41EF402D100CE8D06 /* Release */,
			);
			defaultConfigurationIsVisible = 0;
			defaultConfigurationName = Release;
		};
/* End XCConfigurationList section */
	};
	rootObject = 4CBF3CE31EF402D100CE8D06 /* Project object */;
}
