// !$*UTF8*$!
{
	archiveVersion = 1;
	classes = {
	};
	objectVersion = 46;
	objects = {

/* Begin PBXBuildFile section */
		4C3E9F021ECBF61A00213547 /* main.cpp in Sources */ = {isa = PBXBuildFile; fileRef = 4C3E9F001ECBF61A00213547 /* main.cpp */; };
		4C3E9F071ECBF7E800213547 /* DXEaseLexAnalysis.cpp in Sources */ = {isa = PBXBuildFile; fileRef = 4C3E9F061ECBF7E800213547 /* DXEaseLexAnalysis.cpp */; };
/* End PBXBuildFile section */

/* Begin PBXCopyFilesBuildPhase section */
		4C3E9EE51ECBE82400213547 /* CopyFiles */ = {
			isa = PBXCopyFilesBuildPhase;
			buildActionMask = 2147483647;
			dstPath = /usr/share/man/man1/;
			dstSubfolderSpec = 0;
			files = (
			);
			runOnlyForDeploymentPostprocessing = 1;
		};
/* End PBXCopyFilesBuildPhase section */

/* Begin PBXFileReference section */
		4C3E9EE71ECBE82400213547 /* Lexical analysis */ = {isa = PBXFileReference; explicitFileType = "compiled.mach-o.executable"; includeInIndex = 0; path = "Lexical analysis"; sourceTree = BUILT_PRODUCTS_DIR; };
		4C3E9EFA1ECBF5FB00213547 /* Base.cpp */ = {isa = PBXFileReference; lastKnownFileType = sourcecode.cpp.cpp; path = Base.cpp; sourceTree = "<group>"; };
		4C3E9EFB1ECBF5FB00213547 /* Base.h */ = {isa = PBXFileReference; lastKnownFileType = sourcecode.c.h; path = Base.h; sourceTree = "<group>"; };
		4C3E9EFC1ECBF5FB00213547 /* in.txt */ = {isa = PBXFileReference; lastKnownFileType = text; path = in.txt; sourceTree = "<group>"; };
		4C3E9EFD1ECBF5FB00213547 /* LexAn.cpp */ = {isa = PBXFileReference; lastKnownFileType = sourcecode.cpp.cpp; path = LexAn.cpp; sourceTree = "<group>"; };
		4C3E9EFE1ECBF5FB00213547 /* LexAn.h */ = {isa = PBXFileReference; lastKnownFileType = sourcecode.c.h; path = LexAn.h; sourceTree = "<group>"; };
		4C3E9F001ECBF61A00213547 /* main.cpp */ = {isa = PBXFileReference; fileEncoding = 4; lastKnownFileType = sourcecode.cpp.cpp; path = main.cpp; sourceTree = "<group>"; };
		4C3E9F031ECBF7A200213547 /* DXEaseLexAnalysis.h */ = {isa = PBXFileReference; lastKnownFileType = sourcecode.c.h; path = DXEaseLexAnalysis.h; sourceTree = "<group>"; };
		4C3E9F061ECBF7E800213547 /* DXEaseLexAnalysis.cpp */ = {isa = PBXFileReference; fileEncoding = 4; lastKnownFileType = sourcecode.cpp.cpp; path = DXEaseLexAnalysis.cpp; sourceTree = "<group>"; };
		4C3E9F091ECC12F700213547 /* Log.h */ = {isa = PBXFileReference; lastKnownFileType = sourcecode.c.h; path = Log.h; sourceTree = "<group>"; };
/* End PBXFileReference section */

/* Begin PBXFrameworksBuildPhase section */
		4C3E9EE41ECBE82400213547 /* Frameworks */ = {
			isa = PBXFrameworksBuildPhase;
			buildActionMask = 2147483647;
			files = (
			);
			runOnlyForDeploymentPostprocessing = 0;
		};
/* End PBXFrameworksBuildPhase section */

/* Begin PBXGroup section */
		4C3E9EDE1ECBE82400213547 = {
			isa = PBXGroup;
			children = (
				4C3E9EE91ECBE82400213547 /* Lexical analysis */,
				4C3E9EE81ECBE82400213547 /* Products */,
			);
			sourceTree = "<group>";
		};
		4C3E9EE81ECBE82400213547 /* Products */ = {
			isa = PBXGroup;
			children = (
				4C3E9EE71ECBE82400213547 /* Lexical analysis */,
			);
			name = Products;
			sourceTree = "<group>";
		};
		4C3E9EE91ECBE82400213547 /* Lexical analysis */ = {
			isa = PBXGroup;
			children = (
				4C3E9EF91ECBF5FB00213547 /* Example */,
				4C3E9F001ECBF61A00213547 /* main.cpp */,
				4C3E9F091ECC12F700213547 /* Log.h */,
				4C3E9F061ECBF7E800213547 /* DXEaseLexAnalysis.cpp */,
				4C3E9F031ECBF7A200213547 /* DXEaseLexAnalysis.h */,
			);
			path = "Lexical analysis";
			sourceTree = "<group>";
		};
		4C3E9EF91ECBF5FB00213547 /* Example */ = {
			isa = PBXGroup;
			children = (
				4C3E9EFA1ECBF5FB00213547 /* Base.cpp */,
				4C3E9EFB1ECBF5FB00213547 /* Base.h */,
				4C3E9EFC1ECBF5FB00213547 /* in.txt */,
				4C3E9EFD1ECBF5FB00213547 /* LexAn.cpp */,
				4C3E9EFE1ECBF5FB00213547 /* LexAn.h */,
			);
			path = Example;
			sourceTree = "<group>";
		};
/* End PBXGroup section */

/* Begin PBXNativeTarget section */
		4C3E9EE61ECBE82400213547 /* Lexical analysis */ = {
			isa = PBXNativeTarget;
			buildConfigurationList = 4C3E9EEE1ECBE82400213547 /* Build configuration list for PBXNativeTarget "Lexical analysis" */;
			buildPhases = (
				4C3E9EE31ECBE82400213547 /* Sources */,
				4C3E9EE41ECBE82400213547 /* Frameworks */,
				4C3E9EE51ECBE82400213547 /* CopyFiles */,
			);
			buildRules = (
			);
			dependencies = (
			);
			name = "Lexical analysis";
			productName = "Lexical analysis";
			productReference = 4C3E9EE71ECBE82400213547 /* Lexical analysis */;
			productType = "com.apple.product-type.tool";
		};
/* End PBXNativeTarget section */

/* Begin PBXProject section */
		4C3E9EDF1ECBE82400213547 /* Project object */ = {
			isa = PBXProject;
			attributes = {
				LastUpgradeCheck = 0820;
				ORGANIZATIONNAME = "Dixi-Chen";
				TargetAttributes = {
					4C3E9EE61ECBE82400213547 = {
						CreatedOnToolsVersion = 8.2.1;
						DevelopmentTeam = 9RL6AH3SC8;
						ProvisioningStyle = Automatic;
					};
				};
			};
			buildConfigurationList = 4C3E9EE21ECBE82400213547 /* Build configuration list for PBXProject "Lexical analysis" */;
			compatibilityVersion = "Xcode 3.2";
			developmentRegion = English;
			hasScannedForEncodings = 0;
			knownRegions = (
				en,
			);
			mainGroup = 4C3E9EDE1ECBE82400213547;
			productRefGroup = 4C3E9EE81ECBE82400213547 /* Products */;
			projectDirPath = "";
			projectRoot = "";
			targets = (
				4C3E9EE61ECBE82400213547 /* Lexical analysis */,
			);
		};
/* End PBXProject section */

/* Begin PBXSourcesBuildPhase section */
		4C3E9EE31ECBE82400213547 /* Sources */ = {
			isa = PBXSourcesBuildPhase;
			buildActionMask = 2147483647;
			files = (
				4C3E9F021ECBF61A00213547 /* main.cpp in Sources */,
				4C3E9F071ECBF7E800213547 /* DXEaseLexAnalysis.cpp in Sources */,
			);
			runOnlyForDeploymentPostprocessing = 0;
		};
/* End PBXSourcesBuildPhase section */

/* Begin XCBuildConfiguration section */
		4C3E9EEC1ECBE82400213547 /* Debug */ = {
			isa = XCBuildConfiguration;
			buildSettings = {
				ALWAYS_SEARCH_USER_PATHS = NO;
				CLANG_ANALYZER_NONNULL = YES;
				CLANG_CXX_LANGUAGE_STANDARD = "gnu++0x";
				CLANG_CXX_LIBRARY = "libc++";
				CLANG_ENABLE_MODULES = YES;
				CLANG_ENABLE_OBJC_ARC = YES;
				CLANG_WARN_BOOL_CONVERSION = YES;
				CLANG_WARN_CONSTANT_CONVERSION = YES;
				CLANG_WARN_DIRECT_OBJC_ISA_USAGE = YES_ERROR;
				CLANG_WARN_DOCUMENTATION_COMMENTS = YES;
				CLANG_WARN_EMPTY_BODY = YES;
				CLANG_WARN_ENUM_CONVERSION = YES;
				CLANG_WARN_INFINITE_RECURSION = YES;
				CLANG_WARN_INT_CONVERSION = YES;
				CLANG_WARN_OBJC_ROOT_CLASS = YES_ERROR;
				CLANG_WARN_SUSPICIOUS_MOVE = YES;
				CLANG_WARN_UNREACHABLE_CODE = YES;
				CLANG_WARN__DUPLICATE_METHOD_MATCH = YES;
				CODE_SIGN_IDENTITY = "-";
				COPY_PHASE_STRIP = NO;
				DEBUG_INFORMATION_FORMAT = dwarf;
				ENABLE_STRICT_OBJC_MSGSEND = YES;
				ENABLE_TESTABILITY = YES;
				GCC_C_LANGUAGE_STANDARD = gnu99;
				GCC_DYNAMIC_NO_PIC = NO;
				GCC_NO_COMMON_BLOCKS = YES;
				GCC_OPTIMIZATION_LEVEL = 0;
				GCC_PREPROCESSOR_DEFINITIONS = (
					"DEBUG=1",
					"$(inherited)",
				);
				GCC_WARN_64_TO_32_BIT_CONVERSION = YES;
				GCC_WARN_ABOUT_RETURN_TYPE = YES_ERROR;
				GCC_WARN_UNDECLARED_SELECTOR = YES;
				GCC_WARN_UNINITIALIZED_AUTOS = YES_AGGRESSIVE;
				GCC_WARN_UNUSED_FUNCTION = YES;
				GCC_WARN_UNUSED_VARIABLE = YES;
				MACOSX_DEPLOYMENT_TARGET = 10.12;
				MTL_ENABLE_DEBUG_INFO = YES;
				ONLY_ACTIVE_ARCH = YES;
				SDKROOT = macosx;
			};
			name = Debug;
		};
		4C3E9EED1ECBE82400213547 /* Release */ = {
			isa = XCBuildConfiguration;
			buildSettings = {
				ALWAYS_SEARCH_USER_PATHS = NO;
				CLANG_ANALYZER_NONNULL = YES;
				CLANG_CXX_LANGUAGE_STANDARD = "gnu++0x";
				CLANG_CXX_LIBRARY = "libc++";
				CLANG_ENABLE_MODULES = YES;
				CLANG_ENABLE_OBJC_ARC = YES;
				CLANG_WARN_BOOL_CONVERSION = YES;
				CLANG_WARN_CONSTANT_CONVERSION = YES;
				CLANG_WARN_DIRECT_OBJC_ISA_USAGE = YES_ERROR;
				CLANG_WARN_DOCUMENTATION_COMMENTS = YES;
				CLANG_WARN_EMPTY_BODY = YES;
				CLANG_WARN_ENUM_CONVERSION = YES;
				CLANG_WARN_INFINITE_RECURSION = YES;
				CLANG_WARN_INT_CONVERSION = YES;
				CLANG_WARN_OBJC_ROOT_CLASS = YES_ERROR;
				CLANG_WARN_SUSPICIOUS_MOVE = YES;
				CLANG_WARN_UNREACHABLE_CODE = YES;
				CLANG_WARN__DUPLICATE_METHOD_MATCH = YES;
				CODE_SIGN_IDENTITY = "-";
				COPY_PHASE_STRIP = NO;
				DEBUG_INFORMATION_FORMAT = "dwarf-with-dsym";
				ENABLE_NS_ASSERTIONS = NO;
				ENABLE_STRICT_OBJC_MSGSEND = YES;
				GCC_C_LANGUAGE_STANDARD = gnu99;
				GCC_NO_COMMON_BLOCKS = YES;
				GCC_WARN_64_TO_32_BIT_CONVERSION = YES;
				GCC_WARN_ABOUT_RETURN_TYPE = YES_ERROR;
				GCC_WARN_UNDECLARED_SELECTOR = YES;
				GCC_WARN_UNINITIALIZED_AUTOS = YES_AGGRESSIVE;
				GCC_WARN_UNUSED_FUNCTION = YES;
				GCC_WARN_UNUSED_VARIABLE = YES;
				MACOSX_DEPLOYMENT_TARGET = 10.12;
				MTL_ENABLE_DEBUG_INFO = NO;
				SDKROOT = macosx;
			};
			name = Release;
		};
		4C3E9EEF1ECBE82400213547 /* Debug */ = {
			isa = XCBuildConfiguration;
			buildSettings = {
				DEVELOPMENT_TEAM = 9RL6AH3SC8;
				PRODUCT_NAME = "$(TARGET_NAME)";
			};
			name = Debug;
		};
		4C3E9EF01ECBE82400213547 /* Release */ = {
			isa = XCBuildConfiguration;
			buildSettings = {
				DEVELOPMENT_TEAM = 9RL6AH3SC8;
				PRODUCT_NAME = "$(TARGET_NAME)";
			};
			name = Release;
		};
/* End XCBuildConfiguration section */

/* Begin XCConfigurationList section */
		4C3E9EE21ECBE82400213547 /* Build configuration list for PBXProject "Lexical analysis" */ = {
			isa = XCConfigurationList;
			buildConfigurations = (
				4C3E9EEC1ECBE82400213547 /* Debug */,
				4C3E9EED1ECBE82400213547 /* Release */,
			);
			defaultConfigurationIsVisible = 0;
			defaultConfigurationName = Release;
		};
		4C3E9EEE1ECBE82400213547 /* Build configuration list for PBXNativeTarget "Lexical analysis" */ = {
			isa = XCConfigurationList;
			buildConfigurations = (
				4C3E9EEF1ECBE82400213547 /* Debug */,
				4C3E9EF01ECBE82400213547 /* Release */,
			);
			defaultConfigurationIsVisible = 0;
			defaultConfigurationName = Release;
		};
/* End XCConfigurationList section */
	};
	rootObject = 4C3E9EDF1ECBE82400213547 /* Project object */;
}
